
Microsoft Visual Studio Solution File, Format Version 12.00
# Visual Studio Version 16
VisualStudioVersion = 16.0.30104.148
MinimumVisualStudioVersion = 10.0.40219.1
Project("{FAE04EC0-301F-11D3-BF4B-00C04F79EFBC}") = "Calculator.UWP", "Calculator\Calculator.UWP\Calculator.UWP.csproj", "{8143F869-A670-4D0F-AECA-35A3E76AA25A}"
EndProject
Project("{FAE04EC0-301F-11D3-BF4B-00C04F79EFBC}") = "Calculator.Android", "Calculator\Calculator.Android\Calculator.Android.csproj", "{05E97A3B-D7A2-43FA-9522-92ED15E562B3}"
EndProject
Project("{FAE04EC0-301F-11D3-BF4B-00C04F79EFBC}") = "Calculator.iOS", "Calculator\Calculator.iOS\Calculator.iOS.csproj", "{BA89E32A-DE2C-41B3-844E-C6B17155C5BF}"
EndProject
Project("{FAE04EC0-301F-11D3-BF4B-00C04F79EFBC}") = "Calculator", "Calculator\Calculator\Calculator.csproj", "{C62A17F7-C845-4B66-972C-B03F1048DC62}"
EndProject
Global
	GlobalSection(SolutionConfigurationPlatforms) = preSolution
		Debug|Any CPU = Debug|Any CPU
		Debug|ARM = Debug|ARM
		Debug|iPhone = Debug|iPhone
		Debug|iPhoneSimulator = Debug|iPhoneSimulator
		Debug|x64 = Debug|x64
		Debug|x86 = Debug|x86
		Release|Any CPU = Release|Any CPU
		Release|ARM = Release|ARM
		Release|iPhone = Release|iPhone
		Release|iPhoneSimulator = Release|iPhoneSimulator
		Release|x64 = Release|x64
		Release|x86 = Release|x86
	EndGlobalSection
	GlobalSection(ProjectConfigurationPlatforms) = postSolution
		{8143F869-A670-4D0F-AECA-35A3E76AA25A}.Debug|Any CPU.ActiveCfg = Debug|x86
		{8143F869-A670-4D0F-AECA-35A3E76AA25A}.Debug|Any CPU.Build.0 = Debug|x86
		{8143F869-A670-4D0F-AECA-35A3E76AA25A}.Debug|Any CPU.Deploy.0 = Debug|x86
		{8143F869-A670-4D0F-AECA-35A3E76AA25A}.Debug|ARM.ActiveCfg = Debug|ARM
		{8143F869-A670-4D0F-AECA-35A3E76AA25A}.Debug|ARM.Build.0 = Debug|ARM
		{8143F869-A670-4D0F-AECA-35A3E76AA25A}.Debug|ARM.Deploy.0 = Debug|ARM
		{8143F869-A670-4D0F-AECA-35A3E76AA25A}.Debug|iPhone.ActiveCfg = Debug|x86
		{8143F869-A670-4D0F-AECA-35A3E76AA25A}.Debug|iPhone.Build.0 = Debug|x86
		{8143F869-A670-4D0F-AECA-35A3E76AA25A}.Debug|iPhone.Deploy.0 = Debug|x86
		{8143F869-A670-4D0F-AECA-35A3E76AA25A}.Debug|iPhoneSimulator.ActiveCfg = Debug|x86
		{8143F869-A670-4D0F-AECA-35A3E76AA25A}.Debug|iPhoneSimulator.Build.0 = Debug|x86
		{8143F869-A670-4D0F-AECA-35A3E76AA25A}.Debug|iPhoneSimulator.Deploy.0 = Debug|x86
		{8143F869-A670-4D0F-AECA-35A3E76AA25A}.Debug|x64.ActiveCfg = Debug|x64
		{8143F869-A670-4D0F-AECA-35A3E76AA25A}.Debug|x64.Build.0 = Debug|x64
		{8143F869-A670-4D0F-AECA-35A3E76AA25A}.Debug|x64.Deploy.0 = Debug|x64
		{8143F869-A670-4D0F-AECA-35A3E76AA25A}.Debug|x86.ActiveCfg = Debug|x86
		{8143F869-A670-4D0F-AECA-35A3E76AA25A}.Debug|x86.Build.0 = Debug|x86
		{8143F869-A670-4D0F-AECA-35A3E76AA25A}.Debug|x86.Deploy.0 = Debug|x86
		{8143F869-A670-4D0F-AECA-35A3E76AA25A}.Release|Any CPU.ActiveCfg = Release|x86
		{8143F869-A670-4D0F-AECA-35A3E76AA25A}.Release|Any CPU.Build.0 = Release|x86
		{8143F869-A670-4D0F-AECA-35A3E76AA25A}.Release|Any CPU.Deploy.0 = Release|x86
		{8143F869-A670-4D0F-AECA-35A3E76AA25A}.Release|ARM.ActiveCfg = Release|ARM
		{8143F869-A670-4D0F-AECA-35A3E76AA25A}.Release|ARM.Build.0 = Release|ARM
		{8143F869-A670-4D0F-AECA-35A3E76AA25A}.Release|ARM.Deploy.0 = Release|ARM
		{8143F869-A670-4D0F-AECA-35A3E76AA25A}.Release|iPhone.ActiveCfg = Release|x86
		{8143F869-A670-4D0F-AECA-35A3E76AA25A}.Release|iPhone.Build.0 = Release|x86
		{8143F869-A670-4D0F-AECA-35A3E76AA25A}.Release|iPhone.Deploy.0 = Release|x86
		{8143F869-A670-4D0F-AECA-35A3E76AA25A}.Release|iPhoneSimulator.ActiveCfg = Release|x86
		{8143F869-A670-4D0F-AECA-35A3E76AA25A}.Release|iPhoneSimulator.Build.0 = Release|x86
		{8143F869-A670-4D0F-AECA-35A3E76AA25A}.Release|iPhoneSimulator.Deploy.0 = Release|x86
		{8143F869-A670-4D0F-AECA-35A3E76AA25A}.Release|x64.ActiveCfg = Release|x64
		{8143F869-A670-4D0F-AECA-35A3E76AA25A}.Release|x64.Build.0 = Release|x64
		{8143F869-A670-4D0F-AECA-35A3E76AA25A}.Release|x64.Deploy.0 = Release|x64
		{8143F869-A670-4D0F-AECA-35A3E76AA25A}.Release|x86.ActiveCfg = Release|x86
		{8143F869-A670-4D0F-AECA-35A3E76AA25A}.Release|x86.Build.0 = Release|x86
		{8143F869-A670-4D0F-AECA-35A3E76AA25A}.Release|x86.Deploy.0 = Release|x86
		{05E97A3B-D7A2-43FA-9522-92ED15E562B3}.Debug|Any CPU.ActiveCfg = Debug|Any CPU
		{05E97A3B-D7A2-43FA-9522-92ED15E562B3}.Debug|Any CPU.Build.0 = Debug|Any CPU
		{05E97A3B-D7A2-43FA-9522-92ED15E562B3}.Debug|Any CPU.Deploy.0 = Debug|Any CPU
		{05E97A3B-D7A2-43FA-9522-92ED15E562B3}.Debug|ARM.ActiveCfg = Debug|Any CPU
		{05E97A3B-D7A2-43FA-9522-92ED15E562B3}.Debug|ARM.Build.0 = Debug|Any CPU
		{05E97A3B-D7A2-43FA-9522-92ED15E562B3}.Debug|ARM.Deploy.0 = Debug|Any CPU
		{05E97A3B-D7A2-43FA-9522-92ED15E562B3}.Debug|iPhone.ActiveCfg = Debug|Any CPU
		{05E97A3B-D7A2-43FA-9522-92ED15E562B3}.Debug|iPhone.Build.0 = Debug|Any CPU
		{05E97A3B-D7A2-43FA-9522-92ED15E562B3}.Debug|iPhone.Deploy.0 = Debug|Any CPU
		{05E97A3B-D7A2-43FA-9522-92ED15E562B3}.Debug|iPhoneSimulator.ActiveCfg = Debug|Any CPU
		{05E97A3B-D7A2-43FA-9522-92ED15E562B3}.Debug|iPhoneSimulator.Build.0 = Debug|Any CPU
		{05E97A3B-D7A2-43FA-9522-92ED15E562B3}.Debug|iPhoneSimulator.Deploy.0 = Debug|Any CPU
		{05E97A3B-D7A2-43FA-9522-92ED15E562B3}.Debug|x64.ActiveCfg = Debug|Any CPU
		{05E97A3B-D7A2-43FA-9522-92ED15E562B3}.Debug|x64.Build.0 = Debug|Any CPU
		{05E97A3B-D7A2-43FA-9522-92ED15E562B3}.Debug|x64.Deploy.0 = Debug|Any CPU
		{05E97A3B-D7A2-43FA-9522-92ED15E562B3}.Debug|x86.ActiveCfg = Debug|Any CPU
		{05E97A3B-D7A2-43FA-9522-92ED15E562B3}.Debug|x86.Build.0 = Debug|Any CPU
		{05E97A3B-D7A2-43FA-9522-92ED15E562B3}.Debug|x86.Deploy.0 = Debug|Any CPU
		{05E97A3B-D7A2-43FA-9522-92ED15E562B3}.Release|Any CPU.ActiveCfg = Release|Any CPU
		{05E97A3B-D7A2-43FA-9522-92ED15E562B3}.Release|Any CPU.Build.0 = Release|Any CPU
		{05E97A3B-D7A2-43FA-9522-92ED15E562B3}.Release|Any CPU.Deploy.0 = Release|Any CPU
		{05E97A3B-D7A2-43FA-9522-92ED15E562B3}.Release|ARM.ActiveCfg = Release|Any CPU
		{05E97A3B-D7A2-43FA-9522-92ED15E562B3}.Release|ARM.Build.0 = Release|Any CPU
		{05E97A3B-D7A2-43FA-9522-92ED15E562B3}.Release|ARM.Deploy.0 = Release|Any CPU
		{05E97A3B-D7A2-43FA-9522-92ED15E562B3}.Release|iPhone.ActiveCfg = Release|Any CPU
		{05E97A3B-D7A2-43FA-9522-92ED15E562B3}.Release|iPhone.Build.0 = Release|Any CPU
		{05E97A3B-D7A2-43FA-9522-92ED15E562B3}.Release|iPhone.Deploy.0 = Release|Any CPU
		{05E97A3B-D7A2-43FA-9522-92ED15E562B3}.Release|iPhoneSimulator.ActiveCfg = Release|Any CPU
		{05E97A3B-D7A2-43FA-9522-92ED15E562B3}.Release|iPhoneSimulator.Build.0 = Release|Any CPU
		{05E97A3B-D7A2-43FA-9522-92ED15E562B3}.Release|iPhoneSimulator.Deploy.0 = Release|Any CPU
		{05E97A3B-D7A2-43FA-9522-92ED15E562B3}.Release|x64.ActiveCfg = Release|Any CPU
		{05E97A3B-D7A2-43FA-9522-92ED15E562B3}.Release|x64.Build.0 = Release|Any CPU
		{05E97A3B-D7A2-43FA-9522-92ED15E562B3}.Release|x64.Deploy.0 = Release|Any CPU
		{05E97A3B-D7A2-43FA-9522-92ED15E562B3}.Release|x86.ActiveCfg = Release|Any CPU
		{05E97A3B-D7A2-43FA-9522-92ED15E562B3}.Release|x86.Build.0 = Release|Any CPU
		{05E97A3B-D7A2-43FA-9522-92ED15E562B3}.Release|x86.Deploy.0 = Release|Any CPU
		{BA89E32A-DE2C-41B3-844E-C6B17155C5BF}.Debug|Any CPU.ActiveCfg = Debug|iPhone
		{BA89E32A-DE2C-41B3-844E-C6B17155C5BF}.Debug|Any CPU.Build.0 = Debug|iPhone
		{BA89E32A-DE2C-41B3-844E-C6B17155C5BF}.Debug|Any CPU.Deploy.0 = Debug|iPhone
		{BA89E32A-DE2C-41B3-844E-C6B17155C5BF}.Debug|ARM.ActiveCfg = Debug|iPhone
		{BA89E32A-DE2C-41B3-844E-C6B17155C5BF}.Debug|ARM.Build.0 = Debug|iPhone
		{BA89E32A-DE2C-41B3-844E-C6B17155C5BF}.Debug|ARM.Deploy.0 = Debug|iPhone
		{BA89E32A-DE2C-41B3-844E-C6B17155C5BF}.Debug|iPhone.ActiveCfg = Debug|iPhone
		{BA89E32A-DE2C-41B3-844E-C6B17155C5BF}.Debug|iPhone.Build.0 = Debug|iPhone
		{BA89E32A-DE2C-41B3-844E-C6B17155C5BF}.Debug|iPhone.Deploy.0 = Debug|iPhone
		{BA89E32A-DE2C-41B3-844E-C6B17155C5BF}.Debug|iPhoneSimulator.ActiveCfg = Debug|iPhoneSimulator
		{BA89E32A-DE2C-41B3-844E-C6B17155C5BF}.Debug|iPhoneSimulator.Build.0 = Debug|iPhoneSimulator
		{BA89E32A-DE2C-41B3-844E-C6B17155C5BF}.Debug|iPhoneSimulator.Deploy.0 = Debug|iPhoneSimulator
		{BA89E32A-DE2C-41B3-844E-C6B17155C5BF}.Debug|x64.ActiveCfg = Debug|iPhone
		{BA89E32A-DE2C-41B3-844E-C6B17155C5BF}.Debug|x64.Build.0 = Debug|iPhone
		{BA89E32A-DE2C-41B3-844E-C6B17155C5BF}.Debug|x64.Deploy.0 = Debug|iPhone
		{BA89E32A-DE2C-41B3-844E-C6B17155C5BF}.Debug|x86.ActiveCfg = Debug|iPhone
		{BA89E32A-DE2C-41B3-844E-C6B17155C5BF}.Debug|x86.Build.0 = Debug|iPhone
		{BA89E32A-DE2C-41B3-844E-C6B17155C5BF}.Debug|x86.Deploy.0 = Debug|iPhone
		{BA89E32A-DE2C-41B3-844E-C6B17155C5BF}.Release|Any CPU.ActiveCfg = Release|iPhone
		{BA89E32A-DE2C-41B3-844E-C6B17155C5BF}.Release|Any CPU.Build.0 = Release|iPhone
		{BA89E32A-DE2C-41B3-844E-C6B17155C5BF}.Release|Any CPU.Deploy.0 = Release|iPhone
		{BA89E32A-DE2C-41B3-844E-C6B17155C5BF}.Release|ARM.ActiveCfg = Release|iPhone
		{BA89E32A-DE2C-41B3-844E-C6B17155C5BF}.Release|ARM.Build.0 = Release|iPhone
		{BA89E32A-DE2C-41B3-844E-C6B17155C5BF}.Release|ARM.Deploy.0 = Release|iPhone
		{BA89E32A-DE2C-41B3-844E-C6B17155C5BF}.Release|iPhone.ActiveCfg = Release|iPhone
		{BA89E32A-DE2C-41B3-844E-C6B17155C5BF}.Release|iPhone.Build.0 = Release|iPhone
		{BA89E32A-DE2C-41B3-844E-C6B17155C5BF}.Release|iPhone.Deploy.0 = Release|iPhone
		{BA89E32A-DE2C-41B3-844E-C6B17155C5BF}.Release|iPhoneSimulator.ActiveCfg = Release|iPhoneSimulator
		{BA89E32A-DE2C-41B3-844E-C6B17155C5BF}.Release|iPhoneSimulator.Build.0 = Release|iPhoneSimulator
		{BA89E32A-DE2C-41B3-844E-C6B17155C5BF}.Release|iPhoneSimulator.Deploy.0 = Release|iPhoneSimulator
		{BA89E32A-DE2C-41B3-844E-C6B17155C5BF}.Release|x64.ActiveCfg = Release|iPhone
		{BA89E32A-DE2C-41B3-844E-C6B17155C5BF}.Release|x64.Build.0 = Release|iPhone
		{BA89E32A-DE2C-41B3-844E-C6B17155C5BF}.Release|x64.Deploy.0 = Release|iPhone
		{BA89E32A-DE2C-41B3-844E-C6B17155C5BF}.Release|x86.ActiveCfg = Release|iPhone
		{BA89E32A-DE2C-41B3-844E-C6B17155C5BF}.Release|x86.Build.0 = Release|iPhone
		{BA89E32A-DE2C-41B3-844E-C6B17155C5BF}.Release|x86.Deploy.0 = Release|iPhone
		{C62A17F7-C845-4B66-972C-B03F1048DC62}.Debug|Any CPU.ActiveCfg = Debug|Any CPU
		{C62A17F7-C845-4B66-972C-B03F1048DC62}.Debug|Any CPU.Build.0 = Debug|Any CPU
		{C62A17F7-C845-4B66-972C-B03F1048DC62}.Debug|Any CPU.Deploy.0 = Debug|Any CPU
		{C62A17F7-C845-4B66-972C-B03F1048DC62}.Debug|ARM.ActiveCfg = Debug|Any CPU
		{C62A17F7-C845-4B66-972C-B03F1048DC62}.Debug|ARM.Build.0 = Debug|Any CPU
		{C62A17F7-C845-4B66-972C-B03F1048DC62}.Debug|ARM.Deploy.0 = Debug|Any CPU
		{C62A17F7-C845-4B66-972C-B03F1048DC62}.Debug|iPhone.ActiveCfg = Debug|Any CPU
		{C62A17F7-C845-4B66-972C-B03F1048DC62}.Debug|iPhone.Build.0 = Debug|Any CPU
		{C62A17F7-C845-4B66-972C-B03F1048DC62}.Debug|iPhone.Deploy.0 = Debug|Any CPU
		{C62A17F7-C845-4B66-972C-B03F1048DC62}.Debug|iPhoneSimulator.ActiveCfg = Debug|Any CPU
		{C62A17F7-C845-4B66-972C-B03F1048DC62}.Debug|iPhoneSimulator.Build.0 = Debug|Any CPU
		{C62A17F7-C845-4B66-972C-B03F1048DC62}.Debug|iPhoneSimulator.Deploy.0 = Debug|Any CPU
		{C62A17F7-C845-4B66-972C-B03F1048DC62}.Debug|x64.ActiveCfg = Debug|Any CPU
		{C62A17F7-C845-4B66-972C-B03F1048DC62}.Debug|x64.Build.0 = Debug|Any CPU
		{C62A17F7-C845-4B66-972C-B03F1048DC62}.Debug|x64.Deploy.0 = Debug|Any CPU
		{C62A17F7-C845-4B66-972C-B03F1048DC62}.Debug|x86.ActiveCfg = Debug|Any CPU
		{C62A17F7-C845-4B66-972C-B03F1048DC62}.Debug|x86.Build.0 = Debug|Any CPU
		{C62A17F7-C845-4B66-972C-B03F1048DC62}.Debug|x86.Deploy.0 = Debug|Any CPU
		{C62A17F7-C845-4B66-972C-B03F1048DC62}.Release|Any CPU.ActiveCfg = Release|Any CPU
		{C62A17F7-C845-4B66-972C-B03F1048DC62}.Release|Any CPU.Build.0 = Release|Any CPU
		{C62A17F7-C845-4B66-972C-B03F1048DC62}.Release|Any CPU.Deploy.0 = Release|Any CPU
		{C62A17F7-C845-4B66-972C-B03F1048DC62}.Release|ARM.ActiveCfg = Release|Any CPU
		{C62A17F7-C845-4B66-972C-B03F1048DC62}.Release|ARM.Build.0 = Release|Any CPU
		{C62A17F7-C845-4B66-972C-B03F1048DC62}.Release|ARM.Deploy.0 = Release|Any CPU
		{C62A17F7-C845-4B66-972C-B03F1048DC62}.Release|iPhone.ActiveCfg = Release|Any CPU
		{C62A17F7-C845-4B66-972C-B03F1048DC62}.Release|iPhone.Build.0 = Release|Any CPU
		{C62A17F7-C845-4B66-972C-B03F1048DC62}.Release|iPhone.Deploy.0 = Release|Any CPU
		{C62A17F7-C845-4B66-972C-B03F1048DC62}.Release|iPhoneSimulator.ActiveCfg = Release|Any CPU
		{C62A17F7-C845-4B66-972C-B03F1048DC62}.Release|iPhoneSimulator.Build.0 = Release|Any CPU
		{C62A17F7-C845-4B66-972C-B03F1048DC62}.Release|iPhoneSimulator.Deploy.0 = Release|Any CPU
		{C62A17F7-C845-4B66-972C-B03F1048DC62}.Release|x64.ActiveCfg = Release|Any CPU
		{C62A17F7-C845-4B66-972C-B03F1048DC62}.Release|x64.Build.0 = Release|Any CPU
		{C62A17F7-C845-4B66-972C-B03F1048DC62}.Release|x64.Deploy.0 = Release|Any CPU
		{C62A17F7-C845-4B66-972C-B03F1048DC62}.Release|x86.ActiveCfg = Release|Any CPU
		{C62A17F7-C845-4B66-972C-B03F1048DC62}.Release|x86.Build.0 = Release|Any CPU
		{C62A17F7-C845-4B66-972C-B03F1048DC62}.Release|x86.Deploy.0 = Release|Any CPU
	EndGlobalSection
	GlobalSection(SolutionProperties) = preSolution
		HideSolutionNode = FALSE
	EndGlobalSection
	GlobalSection(ExtensibilityGlobals) = postSolution
		SolutionGuid = {E11CC2A3-3E95-4DCD-BCFE-4A4D5805DF51}
	EndGlobalSection
EndGlobal
